
Microsoft Visual Studio Solution File, Format Version 12.00
# Visual Studio Version 17
VisualStudioVersion = 17.0.31903.59
MinimumVisualStudioVersion = 10.0.40219.1
Project("{FAE04EC0-301F-11D3-BF4B-00C04F79EFBC}") = "cringe", "cringe\cringe.csproj", "{CD6CFE5F-5676-495B-B409-5486BBEB2E79}"
EndProject
Project("{FAE04EC0-301F-11D3-BF4B-00C04F79EFBC}") = "intercal.runtime", "intercal.runtime\intercal.runtime.csproj", "{37A22E15-5C33-4A06-81A3-DAE690A2CAFB}"
EndProject
Project("{FAE04EC0-301F-11D3-BF4B-00C04F79EFBC}") = "csharplib", "csharplib\csharplib.csproj", "{526D41DF-3BE1-429C-B4A7-7502082948D7}"
EndProject
Project("{FAE04EC0-301F-11D3-BF4B-00C04F79EFBC}") = "intercal.tests", "intercal.tests\intercal.tests.csproj", "{C7D6E556-6EAD-462D-AF65-2BBE2E014DB3}"
EndProject
Project("{FAE04EC0-301F-11D3-BF4B-00C04F79EFBC}") = "intercal.dap", "intercal.dap\intercal.dap.csproj", "{59F496B3-F362-434A-B23A-DAC447AA3E1A}"
EndProject
Global
	GlobalSection(SolutionConfigurationPlatforms) = preSolution
		Debug|Any CPU = Debug|Any CPU
		Debug|x64 = Debug|x64
		Debug|x86 = Debug|x86
		Release|Any CPU = Release|Any CPU
		Release|x64 = Release|x64
		Release|x86 = Release|x86
	EndGlobalSection
	GlobalSection(ProjectConfigurationPlatforms) = postSolution
		{CD6CFE5F-5676-495B-B409-5486BBEB2E79}.Debug|Any CPU.ActiveCfg = Debug|Any CPU
		{CD6CFE5F-5676-495B-B409-5486BBEB2E79}.Debug|Any CPU.Build.0 = Debug|Any CPU
		{CD6CFE5F-5676-495B-B409-5486BBEB2E79}.Debug|x64.ActiveCfg = Debug|Any CPU
		{CD6CFE5F-5676-495B-B409-5486BBEB2E79}.Debug|x64.Build.0 = Debug|Any CPU
		{CD6CFE5F-5676-495B-B409-5486BBEB2E79}.Debug|x86.ActiveCfg = Debug|Any CPU
		{CD6CFE5F-5676-495B-B409-5486BBEB2E79}.Debug|x86.Build.0 = Debug|Any CPU
		{CD6CFE5F-5676-495B-B409-5486BBEB2E79}.Release|Any CPU.ActiveCfg = Release|Any CPU
		{CD6CFE5F-5676-495B-B409-5486BBEB2E79}.Release|Any CPU.Build.0 = Release|Any CPU
		{CD6CFE5F-5676-495B-B409-5486BBEB2E79}.Release|x64.ActiveCfg = Release|Any CPU
		{CD6CFE5F-5676-495B-B409-5486BBEB2E79}.Release|x64.Build.0 = Release|Any CPU
		{CD6CFE5F-5676-495B-B409-5486BBEB2E79}.Release|x86.ActiveCfg = Release|Any CPU
		{CD6CFE5F-5676-495B-B409-5486BBEB2E79}.Release|x86.Build.0 = Release|Any CPU
		{37A22E15-5C33-4A06-81A3-DAE690A2CAFB}.Debug|Any CPU.ActiveCfg = Debug|Any CPU
		{37A22E15-5C33-4A06-81A3-DAE690A2CAFB}.Debug|Any CPU.Build.0 = Debug|Any CPU
		{37A22E15-5C33-4A06-81A3-DAE690A2CAFB}.Debug|x64.ActiveCfg = Debug|Any CPU
		{37A22E15-5C33-4A06-81A3-DAE690A2CAFB}.Debug|x64.Build.0 = Debug|Any CPU
		{37A22E15-5C33-4A06-81A3-DAE690A2CAFB}.Debug|x86.ActiveCfg = Debug|Any CPU
		{37A22E15-5C33-4A06-81A3-DAE690A2CAFB}.Debug|x86.Build.0 = Debug|Any CPU
		{37A22E15-5C33-4A06-81A3-DAE690A2CAFB}.Release|Any CPU.ActiveCfg = Release|Any CPU
		{37A22E15-5C33-4A06-81A3-DAE690A2CAFB}.Release|Any CPU.Build.0 = Release|Any CPU
		{37A22E15-5C33-4A06-81A3-DAE690A2CAFB}.Release|x64.ActiveCfg = Release|Any CPU
		{37A22E15-5C33-4A06-81A3-DAE690A2CAFB}.Release|x64.Build.0 = Release|Any CPU
		{37A22E15-5C33-4A06-81A3-DAE690A2CAFB}.Release|x86.ActiveCfg = Release|Any CPU
		{37A22E15-5C33-4A06-81A3-DAE690A2CAFB}.Release|x86.Build.0 = Release|Any CPU
		{526D41DF-3BE1-429C-B4A7-7502082948D7}.Debug|Any CPU.ActiveCfg = Debug|Any CPU
		{526D41DF-3BE1-429C-B4A7-7502082948D7}.Debug|Any CPU.Build.0 = Debug|Any CPU
		{526D41DF-3BE1-429C-B4A7-7502082948D7}.Debug|x64.ActiveCfg = Debug|Any CPU
		{526D41DF-3BE1-429C-B4A7-7502082948D7}.Debug|x64.Build.0 = Debug|Any CPU
		{526D41DF-3BE1-429C-B4A7-7502082948D7}.Debug|x86.ActiveCfg = Debug|Any CPU
		{526D41DF-3BE1-429C-B4A7-7502082948D7}.Debug|x86.Build.0 = Debug|Any CPU
		{526D41DF-3BE1-429C-B4A7-7502082948D7}.Release|Any CPU.ActiveCfg = Release|Any CPU
		{526D41DF-3BE1-429C-B4A7-7502082948D7}.Release|Any CPU.Build.0 = Release|Any CPU
		{526D41DF-3BE1-429C-B4A7-7502082948D7}.Release|x64.ActiveCfg = Release|Any CPU
		{526D41DF-3BE1-429C-B4A7-7502082948D7}.Release|x64.Build.0 = Release|Any CPU
		{526D41DF-3BE1-429C-B4A7-7502082948D7}.Release|x86.ActiveCfg = Release|Any CPU
		{526D41DF-3BE1-429C-B4A7-7502082948D7}.Release|x86.Build.0 = Release|Any CPU
		{C7D6E556-6EAD-462D-AF65-2BBE2E014DB3}.Debug|Any CPU.ActiveCfg = Debug|Any CPU
		{C7D6E556-6EAD-462D-AF65-2BBE2E014DB3}.Debug|Any CPU.Build.0 = Debug|Any CPU
		{C7D6E556-6EAD-462D-AF65-2BBE2E014DB3}.Debug|x64.ActiveCfg = Debug|Any CPU
		{C7D6E556-6EAD-462D-AF65-2BBE2E014DB3}.Debug|x64.Build.0 = Debug|Any CPU
		{C7D6E556-6EAD-462D-AF65-2BBE2E014DB3}.Debug|x86.ActiveCfg = Debug|Any CPU
		{C7D6E556-6EAD-462D-AF65-2BBE2E014DB3}.Debug|x86.Build.0 = Debug|Any CPU
		{C7D6E556-6EAD-462D-AF65-2BBE2E014DB3}.Release|Any CPU.ActiveCfg = Release|Any CPU
		{C7D6E556-6EAD-462D-AF65-2BBE2E014DB3}.Release|Any CPU.Build.0 = Release|Any CPU
		{C7D6E556-6EAD-462D-AF65-2BBE2E014DB3}.Release|x64.ActiveCfg = Release|Any CPU
		{C7D6E556-6EAD-462D-AF65-2BBE2E014DB3}.Release|x64.Build.0 = Release|Any CPU
		{C7D6E556-6EAD-462D-AF65-2BBE2E014DB3}.Release|x86.ActiveCfg = Release|Any CPU
		{C7D6E556-6EAD-462D-AF65-2BBE2E014DB3}.Release|x86.Build.0 = Release|Any CPU
		{59F496B3-F362-434A-B23A-DAC447AA3E1A}.Debug|Any CPU.ActiveCfg = Debug|Any CPU
		{59F496B3-F362-434A-B23A-DAC447AA3E1A}.Debug|Any CPU.Build.0 = Debug|Any CPU
		{59F496B3-F362-434A-B23A-DAC447AA3E1A}.Debug|x64.ActiveCfg = Debug|Any CPU
		{59F496B3-F362-434A-B23A-DAC447AA3E1A}.Debug|x64.Build.0 = Debug|Any CPU
		{59F496B3-F362-434A-B23A-DAC447AA3E1A}.Debug|x86.ActiveCfg = Debug|Any CPU
		{59F496B3-F362-434A-B23A-DAC447AA3E1A}.Debug|x86.Build.0 = Debug|Any CPU
		{59F496B3-F362-434A-B23A-DAC447AA3E1A}.Release|Any CPU.ActiveCfg = Release|Any CPU
		{59F496B3-F362-434A-B23A-DAC447AA3E1A}.Release|Any CPU.Build.0 = Release|Any CPU
		{59F496B3-F362-434A-B23A-DAC447AA3E1A}.Release|x64.ActiveCfg = Release|Any CPU
		{59F496B3-F362-434A-B23A-DAC447AA3E1A}.Release|x64.Build.0 = Release|Any CPU
		{59F496B3-F362-434A-B23A-DAC447AA3E1A}.Release|x86.ActiveCfg = Release|Any CPU
		{59F496B3-F362-434A-B23A-DAC447AA3E1A}.Release|x86.Build.0 = Release|Any CPU
	EndGlobalSection
	GlobalSection(SolutionProperties) = preSolution
		HideSolutionNode = FALSE
	EndGlobalSection
EndGlobal
