Microsoft Visual Studio Solution File, Format Version 12.00
# Visual Studio Version 17
VisualStudioVersion = 17.5.2.0
MinimumVisualStudioVersion = 10.0.40219.1
Project("{FAE04EC0-301F-11D3-BF4B-00C04F79EFBC}") = "~tmp", "~tmp.csproj", "{EDACE052-2AD1-592F-B481-503D57ADD5C9}"
EndProject
Global
	GlobalSection(SolutionConfigurationPlatforms) = preSolution
		Debug|Any CPU = Debug|Any CPU
		Release|Any CPU = Release|Any CPU
	EndGlobalSection
	GlobalSection(ProjectConfigurationPlatforms) = postSolution
		{EDACE052-2AD1-592F-B481-503D57ADD5C9}.Debug|Any CPU.ActiveCfg = Debug|Any CPU
		{EDACE052-2AD1-592F-B481-503D57ADD5C9}.Debug|Any CPU.Build.0 = Debug|Any CPU
		{EDACE052-2AD1-592F-B481-503D57ADD5C9}.Release|Any CPU.ActiveCfg = Release|Any CPU
		{EDACE052-2AD1-592F-B481-503D57ADD5C9}.Release|Any CPU.Build.0 = Release|Any CPU
	EndGlobalSection
	GlobalSection(SolutionProperties) = preSolution
		HideSolutionNode = FALSE
	EndGlobalSection
	GlobalSection(ExtensibilityGlobals) = postSolution
		SolutionGuid = {EF61106E-4965-441D-9F71-CA9141B86D14}
	EndGlobalSection
EndGlobal
